
Microsoft Visual Studio Solution File, Format Version 12.00
# Visual Studio Version 17
VisualStudioVersion = 17.10.35122.118
MinimumVisualStudioVersion = 10.0.40219.1
Project("{FAE04EC0-301F-11D3-BF4B-00C04F79EFBC}") = "MauiDemoDataBinding", "MauiDemoDataBinding\MauiDemoDataBinding.csproj", "{699F33B6-4B3D-4C9B-B07A-B2CC268BD7D4}"
EndProject
Global
	GlobalSection(SolutionConfigurationPlatforms) = preSolution
		Debug|Any CPU = Debug|Any CPU
		Release|Any CPU = Release|Any CPU
	EndGlobalSection
	GlobalSection(ProjectConfigurationPlatforms) = postSolution
		{699F33B6-4B3D-4C9B-B07A-B2CC268BD7D4}.Debug|Any CPU.ActiveCfg = Debug|Any CPU
		{699F33B6-4B3D-4C9B-B07A-B2CC268BD7D4}.Debug|Any CPU.Build.0 = Debug|Any CPU
		{699F33B6-4B3D-4C9B-B07A-B2CC268BD7D4}.Debug|Any CPU.Deploy.0 = Debug|Any CPU
		{699F33B6-4B3D-4C9B-B07A-B2CC268BD7D4}.Release|Any CPU.ActiveCfg = Release|Any CPU
		{699F33B6-4B3D-4C9B-B07A-B2CC268BD7D4}.Release|Any CPU.Build.0 = Release|Any CPU
		{699F33B6-4B3D-4C9B-B07A-B2CC268BD7D4}.Release|Any CPU.Deploy.0 = Release|Any CPU
	EndGlobalSection
	GlobalSection(SolutionProperties) = preSolution
		HideSolutionNode = FALSE
	EndGlobalSection
	GlobalSection(ExtensibilityGlobals) = postSolution
		SolutionGuid = {D8069365-E89E-47DE-BF4C-3AD6D9D6BF6B}
	EndGlobalSection
EndGlobal
